
Microsoft Visual Studio Solution File, Format Version 12.00
# Visual Studio Version 17
VisualStudioVersion = 17.11.35222.181
MinimumVisualStudioVersion = 10.0.40219.1
Project("{FAE04EC0-301F-11D3-BF4B-00C04F79EFBC}") = "TigerTix.Web", "TigerTix.Web.csproj", "{94205C7F-88A9-4321-9103-94B2670CA4AE}"
EndProject
Global
	GlobalSection(SolutionConfigurationPlatforms) = preSolution
		Debug|Any CPU = Debug|Any CPU
		Release|Any CPU = Release|Any CPU
	EndGlobalSection
	GlobalSection(ProjectConfigurationPlatforms) = postSolution
		{94205C7F-88A9-4321-9103-94B2670CA4AE}.Debug|Any CPU.ActiveCfg = Debug|Any CPU
		{94205C7F-88A9-4321-9103-94B2670CA4AE}.Debug|Any CPU.Build.0 = Debug|Any CPU
		{94205C7F-88A9-4321-9103-94B2670CA4AE}.Release|Any CPU.ActiveCfg = Release|Any CPU
		{94205C7F-88A9-4321-9103-94B2670CA4AE}.Release|Any CPU.Build.0 = Release|Any CPU
	EndGlobalSection
	GlobalSection(SolutionProperties) = preSolution
		HideSolutionNode = FALSE
	EndGlobalSection
	GlobalSection(ExtensibilityGlobals) = postSolution
		SolutionGuid = {CCCDDD3A-D57B-450F-893D-0CA0CC8C1413}
	EndGlobalSection
EndGlobal
